
Microsoft Visual Studio Solution File, Format Version 12.00
# Visual Studio 2017
Project("{FAE04EC0-301F-11D3-BF4B-00C04F79EFBC}") = "LunarRise-LunarRise", "LunarRise-LunarRise.csproj", "{27C26F47-D6E7-FB16-B9AA-9DC1B1ED784F}"
EndProject
Global
	GlobalSection(SolutionConfigurationPlatforms) = preSolution
		Debug|Any CPU = Debug|Any CPU
		Release|Any CPU = Release|Any CPU
	EndGlobalSection
	GlobalSection(ProjectConfigurationPlatforms) = postSolution
		{27C26F47-D6E7-FB16-B9AA-9DC1B1ED784F}.Debug|Any CPU.ActiveCfg = Debug|Any CPU
		{27C26F47-D6E7-FB16-B9AA-9DC1B1ED784F}.Debug|Any CPU.Build.0 = Debug|Any CPU
		{27C26F47-D6E7-FB16-B9AA-9DC1B1ED784F}.Release|Any CPU.ActiveCfg = Release|Any CPU
		{27C26F47-D6E7-FB16-B9AA-9DC1B1ED784F}.Release|Any CPU.Build.0 = Release|Any CPU
	EndGlobalSection
	GlobalSection(SolutionProperties) = preSolution
		HideSolutionNode = FALSE
	EndGlobalSection
EndGlobal
